
Microsoft Visual Studio Solution File, Format Version 12.00
# Visual Studio Version 17
VisualStudioVersion = 17.0.32126.317
MinimumVisualStudioVersion = 10.0.40219.1
Project("{FAE04EC0-301F-11D3-BF4B-00C04F79EFBC}") = "15032022", "15032022\15032022.csproj", "{67FD267D-2A5F-4470-8AC8-098BE6D9AA8B}"
EndProject
Global
	GlobalSection(SolutionConfigurationPlatforms) = preSolution
		Debug|Any CPU = Debug|Any CPU
		Release|Any CPU = Release|Any CPU
	EndGlobalSection
	GlobalSection(ProjectConfigurationPlatforms) = postSolution
		{67FD267D-2A5F-4470-8AC8-098BE6D9AA8B}.Debug|Any CPU.ActiveCfg = Debug|Any CPU
		{67FD267D-2A5F-4470-8AC8-098BE6D9AA8B}.Debug|Any CPU.Build.0 = Debug|Any CPU
		{67FD267D-2A5F-4470-8AC8-098BE6D9AA8B}.Release|Any CPU.ActiveCfg = Release|Any CPU
		{67FD267D-2A5F-4470-8AC8-098BE6D9AA8B}.Release|Any CPU.Build.0 = Release|Any CPU
	EndGlobalSection
	GlobalSection(SolutionProperties) = preSolution
		HideSolutionNode = FALSE
	EndGlobalSection
	GlobalSection(ExtensibilityGlobals) = postSolution
		SolutionGuid = {54521CF9-A19D-4F76-903E-1F5571B474F9}
	EndGlobalSection
EndGlobal
